
Microsoft Visual Studio Solution File, Format Version 12.00
Project("{2150E333-8FDC-42A3-9474-1A3956D46DE8}") = "Services", "Services", "{28620ACA-9F2B-46D7-908C-C6226419F3CC}"
EndProject
Project("{2150E333-8FDC-42A3-9474-1A3956D46DE8}") = "Catalog", "Catalog", "{801C8F4F-7598-4CAB-B83E-99FF596492D9}"
EndProject
Project("{FAE04EC0-301F-11D3-BF4B-00C04F79EFBC}") = "MultiShop.Catalog", "Services\Catalog\MultiShop.Catalog\MultiShop.Catalog.csproj", "{C19FC7E1-1848-4914-91F3-50DB321599C5}"
EndProject
Project("{2150E333-8FDC-42A3-9474-1A3956D46DE8}") = "Discount", "Discount", "{DA0EAB76-C5A6-4E56-9A11-C310D6D5BA7E}"
EndProject
Project("{FAE04EC0-301F-11D3-BF4B-00C04F79EFBC}") = "MultiShop.Discount", "Services\Discount\MultiShop.Discount\MultiShop.Discount.csproj", "{DEF6E5AF-CAE7-4168-964A-AD5EA08D238E}"
EndProject
Project("{2150E333-8FDC-42A3-9474-1A3956D46DE8}") = "Order", "Order", "{9CC19B4F-9824-4BE9-A7BC-AE076A26C06D}"
EndProject
Project("{2150E333-8FDC-42A3-9474-1A3956D46DE8}") = "Core", "Core", "{48832DD7-65D4-4838-BC9E-5980803D7F72}"
EndProject
Project("{FAE04EC0-301F-11D3-BF4B-00C04F79EFBC}") = "MultiShop.Order.Domain", "Services\Order\Core\MultiShop.Order.Domain\MultiShop.Order.Domain.csproj", "{845BD8F6-F57D-4CD1-BED9-78871377A544}"
EndProject
Project("{FAE04EC0-301F-11D3-BF4B-00C04F79EFBC}") = "MultiShop.Order.Application", "Services\Order\Core\MultiShop.Order.Application\MultiShop.Order.Application.csproj", "{CCDE2D16-B170-4A09-88B4-B47B4A6E4520}"
EndProject
Project("{2150E333-8FDC-42A3-9474-1A3956D46DE8}") = "Infrastructure", "Infrastructure", "{C10CB7DB-7BA5-4D6B-8B6A-6972030C6E56}"
EndProject
Project("{FAE04EC0-301F-11D3-BF4B-00C04F79EFBC}") = "MultiShop.Order.Persistence", "Services\Infrastructure\MultiShop.Order.Persistence\MultiShop.Order.Persistence.csproj", "{9511C80E-81CC-40C3-BA43-8E7E24E83252}"
EndProject
Project("{2150E333-8FDC-42A3-9474-1A3956D46DE8}") = "Presentation", "Presentation", "{3D300D60-D1A4-40BE-99A7-9ABA44E2AD4D}"
EndProject
Project("{FAE04EC0-301F-11D3-BF4B-00C04F79EFBC}") = "WebAPI", "Services\Presentation\WebAPI\WebAPI.csproj", "{70CA1355-2B8F-40D2-8A83-BAA4F16278F8}"
EndProject
Global
	GlobalSection(SolutionConfigurationPlatforms) = preSolution
		Debug|Any CPU = Debug|Any CPU
		Release|Any CPU = Release|Any CPU
	EndGlobalSection
	GlobalSection(NestedProjects) = preSolution
		{801C8F4F-7598-4CAB-B83E-99FF596492D9} = {28620ACA-9F2B-46D7-908C-C6226419F3CC}
		{C19FC7E1-1848-4914-91F3-50DB321599C5} = {801C8F4F-7598-4CAB-B83E-99FF596492D9}
		{DA0EAB76-C5A6-4E56-9A11-C310D6D5BA7E} = {28620ACA-9F2B-46D7-908C-C6226419F3CC}
		{DEF6E5AF-CAE7-4168-964A-AD5EA08D238E} = {DA0EAB76-C5A6-4E56-9A11-C310D6D5BA7E}
		{9CC19B4F-9824-4BE9-A7BC-AE076A26C06D} = {28620ACA-9F2B-46D7-908C-C6226419F3CC}
		{48832DD7-65D4-4838-BC9E-5980803D7F72} = {9CC19B4F-9824-4BE9-A7BC-AE076A26C06D}
		{845BD8F6-F57D-4CD1-BED9-78871377A544} = {48832DD7-65D4-4838-BC9E-5980803D7F72}
		{CCDE2D16-B170-4A09-88B4-B47B4A6E4520} = {48832DD7-65D4-4838-BC9E-5980803D7F72}
		{C10CB7DB-7BA5-4D6B-8B6A-6972030C6E56} = {9CC19B4F-9824-4BE9-A7BC-AE076A26C06D}
		{9511C80E-81CC-40C3-BA43-8E7E24E83252} = {C10CB7DB-7BA5-4D6B-8B6A-6972030C6E56}
		{3D300D60-D1A4-40BE-99A7-9ABA44E2AD4D} = {9CC19B4F-9824-4BE9-A7BC-AE076A26C06D}
		{70CA1355-2B8F-40D2-8A83-BAA4F16278F8} = {3D300D60-D1A4-40BE-99A7-9ABA44E2AD4D}
	EndGlobalSection
	GlobalSection(ProjectConfigurationPlatforms) = postSolution
		{C19FC7E1-1848-4914-91F3-50DB321599C5}.Debug|Any CPU.ActiveCfg = Debug|Any CPU
		{C19FC7E1-1848-4914-91F3-50DB321599C5}.Debug|Any CPU.Build.0 = Debug|Any CPU
		{C19FC7E1-1848-4914-91F3-50DB321599C5}.Release|Any CPU.ActiveCfg = Release|Any CPU
		{C19FC7E1-1848-4914-91F3-50DB321599C5}.Release|Any CPU.Build.0 = Release|Any CPU
		{DEF6E5AF-CAE7-4168-964A-AD5EA08D238E}.Debug|Any CPU.ActiveCfg = Debug|Any CPU
		{DEF6E5AF-CAE7-4168-964A-AD5EA08D238E}.Debug|Any CPU.Build.0 = Debug|Any CPU
		{DEF6E5AF-CAE7-4168-964A-AD5EA08D238E}.Release|Any CPU.ActiveCfg = Release|Any CPU
		{DEF6E5AF-CAE7-4168-964A-AD5EA08D238E}.Release|Any CPU.Build.0 = Release|Any CPU
		{845BD8F6-F57D-4CD1-BED9-78871377A544}.Debug|Any CPU.ActiveCfg = Debug|Any CPU
		{845BD8F6-F57D-4CD1-BED9-78871377A544}.Debug|Any CPU.Build.0 = Debug|Any CPU
		{845BD8F6-F57D-4CD1-BED9-78871377A544}.Release|Any CPU.ActiveCfg = Release|Any CPU
		{845BD8F6-F57D-4CD1-BED9-78871377A544}.Release|Any CPU.Build.0 = Release|Any CPU
		{CCDE2D16-B170-4A09-88B4-B47B4A6E4520}.Debug|Any CPU.ActiveCfg = Debug|Any CPU
		{CCDE2D16-B170-4A09-88B4-B47B4A6E4520}.Debug|Any CPU.Build.0 = Debug|Any CPU
		{CCDE2D16-B170-4A09-88B4-B47B4A6E4520}.Release|Any CPU.ActiveCfg = Release|Any CPU
		{CCDE2D16-B170-4A09-88B4-B47B4A6E4520}.Release|Any CPU.Build.0 = Release|Any CPU
		{9511C80E-81CC-40C3-BA43-8E7E24E83252}.Debug|Any CPU.ActiveCfg = Debug|Any CPU
		{9511C80E-81CC-40C3-BA43-8E7E24E83252}.Debug|Any CPU.Build.0 = Debug|Any CPU
		{9511C80E-81CC-40C3-BA43-8E7E24E83252}.Release|Any CPU.ActiveCfg = Release|Any CPU
		{9511C80E-81CC-40C3-BA43-8E7E24E83252}.Release|Any CPU.Build.0 = Release|Any CPU
		{70CA1355-2B8F-40D2-8A83-BAA4F16278F8}.Debug|Any CPU.ActiveCfg = Debug|Any CPU
		{70CA1355-2B8F-40D2-8A83-BAA4F16278F8}.Debug|Any CPU.Build.0 = Debug|Any CPU
		{70CA1355-2B8F-40D2-8A83-BAA4F16278F8}.Release|Any CPU.ActiveCfg = Release|Any CPU
		{70CA1355-2B8F-40D2-8A83-BAA4F16278F8}.Release|Any CPU.Build.0 = Release|Any CPU
	EndGlobalSection
EndGlobal
