
Microsoft Visual Studio Solution File, Format Version 12.00
Project("{2150E333-8FDC-42A3-9474-1A3956D46DE8}") = "Services", "Services", "{28620ACA-9F2B-46D7-908C-C6226419F3CC}"
EndProject
Project("{2150E333-8FDC-42A3-9474-1A3956D46DE8}") = "Catalog", "Catalog", "{801C8F4F-7598-4CAB-B83E-99FF596492D9}"
EndProject
Project("{FAE04EC0-301F-11D3-BF4B-00C04F79EFBC}") = "MultiShop.Catalog", "Services\Catalog\MultiShop.Catalog\MultiShop.Catalog.csproj", "{C19FC7E1-1848-4914-91F3-50DB321599C5}"
EndProject
Project("{2150E333-8FDC-42A3-9474-1A3956D46DE8}") = "Discount", "Discount", "{DA0EAB76-C5A6-4E56-9A11-C310D6D5BA7E}"
EndProject
Project("{FAE04EC0-301F-11D3-BF4B-00C04F79EFBC}") = "MultiShop.Discount", "Services\Discount\MultiShop.Discount\MultiShop.Discount.csproj", "{DEF6E5AF-CAE7-4168-964A-AD5EA08D238E}"
EndProject
Global
	GlobalSection(SolutionConfigurationPlatforms) = preSolution
		Debug|Any CPU = Debug|Any CPU
		Release|Any CPU = Release|Any CPU
	EndGlobalSection
	GlobalSection(NestedProjects) = preSolution
		{801C8F4F-7598-4CAB-B83E-99FF596492D9} = {28620ACA-9F2B-46D7-908C-C6226419F3CC}
		{C19FC7E1-1848-4914-91F3-50DB321599C5} = {801C8F4F-7598-4CAB-B83E-99FF596492D9}
		{DA0EAB76-C5A6-4E56-9A11-C310D6D5BA7E} = {28620ACA-9F2B-46D7-908C-C6226419F3CC}
		{DEF6E5AF-CAE7-4168-964A-AD5EA08D238E} = {DA0EAB76-C5A6-4E56-9A11-C310D6D5BA7E}
	EndGlobalSection
	GlobalSection(ProjectConfigurationPlatforms) = postSolution
		{C19FC7E1-1848-4914-91F3-50DB321599C5}.Debug|Any CPU.ActiveCfg = Debug|Any CPU
		{C19FC7E1-1848-4914-91F3-50DB321599C5}.Debug|Any CPU.Build.0 = Debug|Any CPU
		{C19FC7E1-1848-4914-91F3-50DB321599C5}.Release|Any CPU.ActiveCfg = Release|Any CPU
		{C19FC7E1-1848-4914-91F3-50DB321599C5}.Release|Any CPU.Build.0 = Release|Any CPU
		{DEF6E5AF-CAE7-4168-964A-AD5EA08D238E}.Debug|Any CPU.ActiveCfg = Debug|Any CPU
		{DEF6E5AF-CAE7-4168-964A-AD5EA08D238E}.Debug|Any CPU.Build.0 = Debug|Any CPU
		{DEF6E5AF-CAE7-4168-964A-AD5EA08D238E}.Release|Any CPU.ActiveCfg = Release|Any CPU
		{DEF6E5AF-CAE7-4168-964A-AD5EA08D238E}.Release|Any CPU.Build.0 = Release|Any CPU
	EndGlobalSection
EndGlobal
